
Microsoft Visual Studio Solution File, Format Version 12.00
# Visual Studio Version 17
VisualStudioVersion = 17.6.33927.249
MinimumVisualStudioVersion = 10.0.40219.1
Project("{2150E333-8FDC-42A3-9474-1A3956D46DE8}") = "Services", "Services", "{F7B15427-2622-4535-9C86-3B15B54F9916}"
EndProject
Project("{2150E333-8FDC-42A3-9474-1A3956D46DE8}") = "Catalog", "Catalog", "{DD4A8662-3B93-410E-8B97-98D42DEB0915}"
EndProject
Project("{9A19103F-16F7-4668-BE54-9A1E7A4F7556}") = "Catalog.API", "Services\Catalog\Catalog.API\Catalog.API.csproj", "{EDAE6FBC-4606-4FDB-8BC9-B674FC49791B}"
EndProject
Project("{E53339B2-1760-4266-BCC7-CA923CBCF16C}") = "docker-compose", "docker-compose.dcproj", "{E92EE4A7-01F4-437F-9069-97487A482030}"
EndProject
Project("{2150E333-8FDC-42A3-9474-1A3956D46DE8}") = "Basket", "Basket", "{CD7B8469-DFE8-4457-A33F-6769C90BBC2E}"
EndProject
Project("{9A19103F-16F7-4668-BE54-9A1E7A4F7556}") = "Basket.API", "Services\Basket\Basket.API\Basket.API.csproj", "{A0804B84-3308-494A-ACC3-1DED4A013D2C}"
EndProject
Project("{2150E333-8FDC-42A3-9474-1A3956D46DE8}") = "Discount", "Discount", "{7B08D8D0-51B0-4AF4-84CB-65B79CFBCEAE}"
EndProject
Project("{9A19103F-16F7-4668-BE54-9A1E7A4F7556}") = "Discount.API", "Services\Discount\Discount.API\Discount.API.csproj", "{0D77FA64-EE95-4484-B1F9-73259AF5A1D8}"
EndProject
Project("{9A19103F-16F7-4668-BE54-9A1E7A4F7556}") = "Discount.Grpc", "Services\Discount\Discount.Grpc\Discount.Grpc.csproj", "{AAF31F58-0F7C-4E24-A827-5351BE1D8460}"
EndProject
Project("{2150E333-8FDC-42A3-9474-1A3956D46DE8}") = "Ordering", "Ordering", "{A789B615-CFEA-4B20-AB6B-212CFE552278}"
EndProject
Project("{9A19103F-16F7-4668-BE54-9A1E7A4F7556}") = "Ordering.API", "Services\Ordering\Ordering.API\Ordering.API.csproj", "{456E1C77-265C-4CF2-9BB0-59ECD9401128}"
EndProject
Project("{9A19103F-16F7-4668-BE54-9A1E7A4F7556}") = "Ordering.Domain", "Services\Ordering\Ordering.Domain\Ordering.Domain.csproj", "{1C0EF929-5503-4B5E-B246-187B0219E741}"
EndProject
Project("{9A19103F-16F7-4668-BE54-9A1E7A4F7556}") = "Ordering.Application", "Services\Ordering\Ordering.Application\Ordering.Application.csproj", "{F056C171-F64B-4718-AD54-244A79040B38}"
EndProject
Project("{9A19103F-16F7-4668-BE54-9A1E7A4F7556}") = "Ordering.Infrastructure", "Services\Ordering\Ordering.Infrastructure\Ordering.Infrastructure.csproj", "{5AF00E1D-F3C6-40AC-9CCC-6A013DAE577B}"
EndProject
Project("{2150E333-8FDC-42A3-9474-1A3956D46DE8}") = "BuildingBlocks", "BuildingBlocks", "{DD24EA06-F41C-4A99-8BA2-00D4FB5E4299}"
EndProject
Project("{9A19103F-16F7-4668-BE54-9A1E7A4F7556}") = "EventBus.Messages", "BuildingBlocks\EventBus.Messages\EventBus.Messages.csproj", "{D56E82A5-06B2-45F6-8A28-0E154CE1A78F}"
EndProject
Project("{2150E333-8FDC-42A3-9474-1A3956D46DE8}") = "ApiGateways", "ApiGateways", "{FFF61026-F2FD-40B7-857A-4B61BD1D356C}"
EndProject
Project("{9A19103F-16F7-4668-BE54-9A1E7A4F7556}") = "OcelotApiGateway", "ApiGateways\OcelotApiGateway\OcelotApiGateway.csproj", "{2131BBD5-FA8C-4C34-9405-9100D09D1505}"
EndProject
Project("{FAE04EC0-301F-11D3-BF4B-00C04F79EFBC}") = "Shopping.Aggregator", "ApiGateways\Shopping.Aggregator\Shopping.Aggregator.csproj", "{2CF72B9C-6C18-4950-ADB5-316AA81D574E}"
EndProject
Global
	GlobalSection(SolutionConfigurationPlatforms) = preSolution
		Debug|Any CPU = Debug|Any CPU
		Release|Any CPU = Release|Any CPU
	EndGlobalSection
	GlobalSection(ProjectConfigurationPlatforms) = postSolution
		{EDAE6FBC-4606-4FDB-8BC9-B674FC49791B}.Debug|Any CPU.ActiveCfg = Debug|Any CPU
		{EDAE6FBC-4606-4FDB-8BC9-B674FC49791B}.Debug|Any CPU.Build.0 = Debug|Any CPU
		{EDAE6FBC-4606-4FDB-8BC9-B674FC49791B}.Release|Any CPU.ActiveCfg = Release|Any CPU
		{EDAE6FBC-4606-4FDB-8BC9-B674FC49791B}.Release|Any CPU.Build.0 = Release|Any CPU
		{E92EE4A7-01F4-437F-9069-97487A482030}.Debug|Any CPU.ActiveCfg = Debug|Any CPU
		{E92EE4A7-01F4-437F-9069-97487A482030}.Debug|Any CPU.Build.0 = Debug|Any CPU
		{E92EE4A7-01F4-437F-9069-97487A482030}.Release|Any CPU.ActiveCfg = Release|Any CPU
		{E92EE4A7-01F4-437F-9069-97487A482030}.Release|Any CPU.Build.0 = Release|Any CPU
		{A0804B84-3308-494A-ACC3-1DED4A013D2C}.Debug|Any CPU.ActiveCfg = Debug|Any CPU
		{A0804B84-3308-494A-ACC3-1DED4A013D2C}.Debug|Any CPU.Build.0 = Debug|Any CPU
		{A0804B84-3308-494A-ACC3-1DED4A013D2C}.Release|Any CPU.ActiveCfg = Release|Any CPU
		{A0804B84-3308-494A-ACC3-1DED4A013D2C}.Release|Any CPU.Build.0 = Release|Any CPU
		{0D77FA64-EE95-4484-B1F9-73259AF5A1D8}.Debug|Any CPU.ActiveCfg = Debug|Any CPU
		{0D77FA64-EE95-4484-B1F9-73259AF5A1D8}.Debug|Any CPU.Build.0 = Debug|Any CPU
		{0D77FA64-EE95-4484-B1F9-73259AF5A1D8}.Release|Any CPU.ActiveCfg = Release|Any CPU
		{0D77FA64-EE95-4484-B1F9-73259AF5A1D8}.Release|Any CPU.Build.0 = Release|Any CPU
		{AAF31F58-0F7C-4E24-A827-5351BE1D8460}.Debug|Any CPU.ActiveCfg = Debug|Any CPU
		{AAF31F58-0F7C-4E24-A827-5351BE1D8460}.Debug|Any CPU.Build.0 = Debug|Any CPU
		{AAF31F58-0F7C-4E24-A827-5351BE1D8460}.Release|Any CPU.ActiveCfg = Release|Any CPU
		{AAF31F58-0F7C-4E24-A827-5351BE1D8460}.Release|Any CPU.Build.0 = Release|Any CPU
		{456E1C77-265C-4CF2-9BB0-59ECD9401128}.Debug|Any CPU.ActiveCfg = Debug|Any CPU
		{456E1C77-265C-4CF2-9BB0-59ECD9401128}.Debug|Any CPU.Build.0 = Debug|Any CPU
		{456E1C77-265C-4CF2-9BB0-59ECD9401128}.Release|Any CPU.ActiveCfg = Release|Any CPU
		{456E1C77-265C-4CF2-9BB0-59ECD9401128}.Release|Any CPU.Build.0 = Release|Any CPU
		{1C0EF929-5503-4B5E-B246-187B0219E741}.Debug|Any CPU.ActiveCfg = Debug|Any CPU
		{1C0EF929-5503-4B5E-B246-187B0219E741}.Debug|Any CPU.Build.0 = Debug|Any CPU
		{1C0EF929-5503-4B5E-B246-187B0219E741}.Release|Any CPU.ActiveCfg = Release|Any CPU
		{1C0EF929-5503-4B5E-B246-187B0219E741}.Release|Any CPU.Build.0 = Release|Any CPU
		{F056C171-F64B-4718-AD54-244A79040B38}.Debug|Any CPU.ActiveCfg = Debug|Any CPU
		{F056C171-F64B-4718-AD54-244A79040B38}.Debug|Any CPU.Build.0 = Debug|Any CPU
		{F056C171-F64B-4718-AD54-244A79040B38}.Release|Any CPU.ActiveCfg = Release|Any CPU
		{F056C171-F64B-4718-AD54-244A79040B38}.Release|Any CPU.Build.0 = Release|Any CPU
		{5AF00E1D-F3C6-40AC-9CCC-6A013DAE577B}.Debug|Any CPU.ActiveCfg = Debug|Any CPU
		{5AF00E1D-F3C6-40AC-9CCC-6A013DAE577B}.Debug|Any CPU.Build.0 = Debug|Any CPU
		{5AF00E1D-F3C6-40AC-9CCC-6A013DAE577B}.Release|Any CPU.ActiveCfg = Release|Any CPU
		{5AF00E1D-F3C6-40AC-9CCC-6A013DAE577B}.Release|Any CPU.Build.0 = Release|Any CPU
		{D56E82A5-06B2-45F6-8A28-0E154CE1A78F}.Debug|Any CPU.ActiveCfg = Debug|Any CPU
		{D56E82A5-06B2-45F6-8A28-0E154CE1A78F}.Debug|Any CPU.Build.0 = Debug|Any CPU
		{D56E82A5-06B2-45F6-8A28-0E154CE1A78F}.Release|Any CPU.ActiveCfg = Release|Any CPU
		{D56E82A5-06B2-45F6-8A28-0E154CE1A78F}.Release|Any CPU.Build.0 = Release|Any CPU
		{2131BBD5-FA8C-4C34-9405-9100D09D1505}.Debug|Any CPU.ActiveCfg = Debug|Any CPU
		{2131BBD5-FA8C-4C34-9405-9100D09D1505}.Debug|Any CPU.Build.0 = Debug|Any CPU
		{2131BBD5-FA8C-4C34-9405-9100D09D1505}.Release|Any CPU.ActiveCfg = Release|Any CPU
		{2131BBD5-FA8C-4C34-9405-9100D09D1505}.Release|Any CPU.Build.0 = Release|Any CPU
		{2CF72B9C-6C18-4950-ADB5-316AA81D574E}.Debug|Any CPU.ActiveCfg = Debug|Any CPU
		{2CF72B9C-6C18-4950-ADB5-316AA81D574E}.Debug|Any CPU.Build.0 = Debug|Any CPU
		{2CF72B9C-6C18-4950-ADB5-316AA81D574E}.Release|Any CPU.ActiveCfg = Release|Any CPU
		{2CF72B9C-6C18-4950-ADB5-316AA81D574E}.Release|Any CPU.Build.0 = Release|Any CPU
	EndGlobalSection
	GlobalSection(SolutionProperties) = preSolution
		HideSolutionNode = FALSE
	EndGlobalSection
	GlobalSection(NestedProjects) = preSolution
		{DD4A8662-3B93-410E-8B97-98D42DEB0915} = {F7B15427-2622-4535-9C86-3B15B54F9916}
		{EDAE6FBC-4606-4FDB-8BC9-B674FC49791B} = {DD4A8662-3B93-410E-8B97-98D42DEB0915}
		{CD7B8469-DFE8-4457-A33F-6769C90BBC2E} = {F7B15427-2622-4535-9C86-3B15B54F9916}
		{A0804B84-3308-494A-ACC3-1DED4A013D2C} = {CD7B8469-DFE8-4457-A33F-6769C90BBC2E}
		{7B08D8D0-51B0-4AF4-84CB-65B79CFBCEAE} = {F7B15427-2622-4535-9C86-3B15B54F9916}
		{0D77FA64-EE95-4484-B1F9-73259AF5A1D8} = {7B08D8D0-51B0-4AF4-84CB-65B79CFBCEAE}
		{AAF31F58-0F7C-4E24-A827-5351BE1D8460} = {7B08D8D0-51B0-4AF4-84CB-65B79CFBCEAE}
		{A789B615-CFEA-4B20-AB6B-212CFE552278} = {F7B15427-2622-4535-9C86-3B15B54F9916}
		{456E1C77-265C-4CF2-9BB0-59ECD9401128} = {A789B615-CFEA-4B20-AB6B-212CFE552278}
		{1C0EF929-5503-4B5E-B246-187B0219E741} = {A789B615-CFEA-4B20-AB6B-212CFE552278}
		{F056C171-F64B-4718-AD54-244A79040B38} = {A789B615-CFEA-4B20-AB6B-212CFE552278}
		{5AF00E1D-F3C6-40AC-9CCC-6A013DAE577B} = {A789B615-CFEA-4B20-AB6B-212CFE552278}
		{D56E82A5-06B2-45F6-8A28-0E154CE1A78F} = {DD24EA06-F41C-4A99-8BA2-00D4FB5E4299}
		{2131BBD5-FA8C-4C34-9405-9100D09D1505} = {FFF61026-F2FD-40B7-857A-4B61BD1D356C}
		{2CF72B9C-6C18-4950-ADB5-316AA81D574E} = {FFF61026-F2FD-40B7-857A-4B61BD1D356C}
	EndGlobalSection
	GlobalSection(ExtensibilityGlobals) = postSolution
		SolutionGuid = {CB6E1346-D4F3-4E98-9E73-99725B4B82FB}
	EndGlobalSection
EndGlobal
